
Microsoft Visual Studio Solution File, Format Version 12.00
# Visual Studio Version 17
VisualStudioVersion = 17.0.31903.59
MinimumVisualStudioVersion = 10.0.40219.1
Project("{FAE04EC0-301F-11D3-BF4B-00C04F79EFBC}") = "Fina.Api", "Fina.Api\Fina.Api.csproj", "{392F10E8-2AD9-41B5-980F-B27F321FE83B}"
EndProject
Project("{FAE04EC0-301F-11D3-BF4B-00C04F79EFBC}") = "Fina.Web", "Fina.Web\Fina.Web.csproj", "{67FC5D60-176F-4A13-9E01-38E0EF6C81B1}"
EndProject
Project("{FAE04EC0-301F-11D3-BF4B-00C04F79EFBC}") = "Fina.Core", "Fina.Core\Fina.Core.csproj", "{2CD66C13-2079-4C79-B2E4-531660C9F1CF}"
EndProject
Global
	GlobalSection(SolutionConfigurationPlatforms) = preSolution
		Debug|Any CPU = Debug|Any CPU
		Release|Any CPU = Release|Any CPU
	EndGlobalSection
	GlobalSection(SolutionProperties) = preSolution
		HideSolutionNode = FALSE
	EndGlobalSection
	GlobalSection(ProjectConfigurationPlatforms) = postSolution
		{392F10E8-2AD9-41B5-980F-B27F321FE83B}.Debug|Any CPU.ActiveCfg = Debug|Any CPU
		{392F10E8-2AD9-41B5-980F-B27F321FE83B}.Debug|Any CPU.Build.0 = Debug|Any CPU
		{392F10E8-2AD9-41B5-980F-B27F321FE83B}.Release|Any CPU.ActiveCfg = Release|Any CPU
		{392F10E8-2AD9-41B5-980F-B27F321FE83B}.Release|Any CPU.Build.0 = Release|Any CPU
		{67FC5D60-176F-4A13-9E01-38E0EF6C81B1}.Debug|Any CPU.ActiveCfg = Debug|Any CPU
		{67FC5D60-176F-4A13-9E01-38E0EF6C81B1}.Debug|Any CPU.Build.0 = Debug|Any CPU
		{67FC5D60-176F-4A13-9E01-38E0EF6C81B1}.Release|Any CPU.ActiveCfg = Release|Any CPU
		{67FC5D60-176F-4A13-9E01-38E0EF6C81B1}.Release|Any CPU.Build.0 = Release|Any CPU
		{2CD66C13-2079-4C79-B2E4-531660C9F1CF}.Debug|Any CPU.ActiveCfg = Debug|Any CPU
		{2CD66C13-2079-4C79-B2E4-531660C9F1CF}.Debug|Any CPU.Build.0 = Debug|Any CPU
		{2CD66C13-2079-4C79-B2E4-531660C9F1CF}.Release|Any CPU.ActiveCfg = Release|Any CPU
		{2CD66C13-2079-4C79-B2E4-531660C9F1CF}.Release|Any CPU.Build.0 = Release|Any CPU
	EndGlobalSection
EndGlobal
